
Microsoft Visual Studio Solution File, Format Version 12.00
# Visual Studio Version 17
VisualStudioVersion = 17.3.32804.467
MinimumVisualStudioVersion = 10.0.40219.1
Project("{FAE04EC0-301F-11D3-BF4B-00C04F79EFBC}") = "API", "API\API.csproj", "{1EB1C502-C462-49F6-A6E7-177FB70C9DFA}"
EndProject
Project("{FAE04EC0-301F-11D3-BF4B-00C04F79EFBC}") = "Data", "Data\Data.csproj", "{504275BF-D3E9-4779-9EE7-ABBE7CD37CBD}"
EndProject
Global
	GlobalSection(SolutionConfigurationPlatforms) = preSolution
		Debug|Any CPU = Debug|Any CPU
		Release|Any CPU = Release|Any CPU
	EndGlobalSection
	GlobalSection(ProjectConfigurationPlatforms) = postSolution
		{1EB1C502-C462-49F6-A6E7-177FB70C9DFA}.Debug|Any CPU.ActiveCfg = Debug|Any CPU
		{1EB1C502-C462-49F6-A6E7-177FB70C9DFA}.Debug|Any CPU.Build.0 = Debug|Any CPU
		{1EB1C502-C462-49F6-A6E7-177FB70C9DFA}.Release|Any CPU.ActiveCfg = Release|Any CPU
		{1EB1C502-C462-49F6-A6E7-177FB70C9DFA}.Release|Any CPU.Build.0 = Release|Any CPU
		{504275BF-D3E9-4779-9EE7-ABBE7CD37CBD}.Debug|Any CPU.ActiveCfg = Debug|Any CPU
		{504275BF-D3E9-4779-9EE7-ABBE7CD37CBD}.Debug|Any CPU.Build.0 = Debug|Any CPU
		{504275BF-D3E9-4779-9EE7-ABBE7CD37CBD}.Release|Any CPU.ActiveCfg = Release|Any CPU
		{504275BF-D3E9-4779-9EE7-ABBE7CD37CBD}.Release|Any CPU.Build.0 = Release|Any CPU
	EndGlobalSection
	GlobalSection(SolutionProperties) = preSolution
		HideSolutionNode = FALSE
	EndGlobalSection
	GlobalSection(ExtensibilityGlobals) = postSolution
		SolutionGuid = {112089B6-D297-49FF-A22E-028AD8A439F4}
	EndGlobalSection
EndGlobal
